{
  "lockfileVersion": 2,
  "configVersion": 1,
  "workspaces": {
    "": {
      "name": "optchat",
      "dependencies": {
        "@earendil-works/pi-tui": "1.0.2",
      },
    },
  },
  "packages": {
    "@earendil-works/pi-tui": ["@earendil-works/pi-tui@1.0.2", "", { "dependencies": { "get-east-asian-width": "1.6.0", "marked": "18.0.11" } }, "sha512-ElfzjnckohEjzHK5Q5iOpqLpQ1YbM/c/XmjBdPVR5k4uoorQPnny5BtT+rvC0cAjVVCUOHWAWppust7FAaEsOQ=="],

    "get-east-asian-width": ["get-east-asian-width@1.6.0", "", {}, "sha512-QRbvDIbx6YklUe6RxeTeleMR0yv3cYH6PsPZHcnVn7xv7zO1BHN8r0XETu8n6Ye3Q+ahtSarc3WgtNWmehIBfA=="],

    "marked": ["marked@18.0.11", "", { "bin": { "marked": "bin/marked.js" } }, "sha512-HnslJfsZkRPBDJRHvVtAaWlZHEpSu7u8LgQuJCELjRKuWR+hpq4A7sLq3p8HaI9ypVoXDXxV34CsQJEe1+J5Aw=="],
  }
}
